
Microsoft Visual Studio Solution File, Format Version 12.00
# Visual Studio Version 16
VisualStudioVersion = 16.0.31605.320
MinimumVisualStudioVersion = 10.0.40219.1
Project("{FAE04EC0-301F-11D3-BF4B-00C04F79EFBC}") = "Calcualte a square of a polygon", "Calcualte a square of a polygon.csproj", "{361C4F8A-D97D-4FFE-ACDD-709D435A64C0}"
EndProject
Global
	GlobalSection(SolutionConfigurationPlatforms) = preSolution
		Debug|Any CPU = Debug|Any CPU
		Release|Any CPU = Release|Any CPU
	EndGlobalSection
	GlobalSection(ProjectConfigurationPlatforms) = postSolution
		{361C4F8A-D97D-4FFE-ACDD-709D435A64C0}.Debug|Any CPU.ActiveCfg = Debug|Any CPU
		{361C4F8A-D97D-4FFE-ACDD-709D435A64C0}.Debug|Any CPU.Build.0 = Debug|Any CPU
		{361C4F8A-D97D-4FFE-ACDD-709D435A64C0}.Release|Any CPU.ActiveCfg = Release|Any CPU
		{361C4F8A-D97D-4FFE-ACDD-709D435A64C0}.Release|Any CPU.Build.0 = Release|Any CPU
	EndGlobalSection
	GlobalSection(SolutionProperties) = preSolution
		HideSolutionNode = FALSE
	EndGlobalSection
	GlobalSection(ExtensibilityGlobals) = postSolution
		SolutionGuid = {F360A421-5091-434F-BC6E-57B5EBC860E1}
	EndGlobalSection
EndGlobal
